
Microsoft Visual Studio Solution File, Format Version 12.00
# Visual Studio Version 16
VisualStudioVersion = 16.0.30204.135
MinimumVisualStudioVersion = 10.0.40219.1
Project("{FAE04EC0-301F-11D3-BF4B-00C04F79EFBC}") = "RunTime", "RunTime\RunTime.csproj", "{F0BD4E41-8BE5-46C3-B0A7-35FBDF8E87E4}"
EndProject
Global
	GlobalSection(SolutionConfigurationPlatforms) = preSolution
		Debug|Any CPU = Debug|Any CPU
		Release|Any CPU = Release|Any CPU
	EndGlobalSection
	GlobalSection(ProjectConfigurationPlatforms) = postSolution
		{F0BD4E41-8BE5-46C3-B0A7-35FBDF8E87E4}.Debug|Any CPU.ActiveCfg = Debug|Any CPU
		{F0BD4E41-8BE5-46C3-B0A7-35FBDF8E87E4}.Debug|Any CPU.Build.0 = Debug|Any CPU
		{F0BD4E41-8BE5-46C3-B0A7-35FBDF8E87E4}.Release|Any CPU.ActiveCfg = Release|Any CPU
		{F0BD4E41-8BE5-46C3-B0A7-35FBDF8E87E4}.Release|Any CPU.Build.0 = Release|Any CPU
	EndGlobalSection
	GlobalSection(SolutionProperties) = preSolution
		HideSolutionNode = FALSE
	EndGlobalSection
	GlobalSection(ExtensibilityGlobals) = postSolution
		SolutionGuid = {EEB53BF7-9F09-48E5-AC38-5DF83222C7E3}
	EndGlobalSection
EndGlobal
