
Microsoft Visual Studio Solution File, Format Version 12.00
# Visual Studio Version 16
VisualStudioVersion = 16.0.30204.135
MinimumVisualStudioVersion = 10.0.40219.1
Project("{FAE04EC0-301F-11D3-BF4B-00C04F79EFBC}") = "DB-Testing", "DB-Testing\DB-Testing.csproj", "{9B4AF178-FF4A-4ED1-AB5B-43F83C3B8F2B}"
EndProject
Project("{FAE04EC0-301F-11D3-BF4B-00C04F79EFBC}") = "ChinookApp.DataAccess", "ChinookApp.DataAccess\ChinookApp.DataAccess.csproj", "{DE00C332-AD87-4414-8540-B172371A7804}"
EndProject
Global
	GlobalSection(SolutionConfigurationPlatforms) = preSolution
		Debug|Any CPU = Debug|Any CPU
		Release|Any CPU = Release|Any CPU
	EndGlobalSection
	GlobalSection(ProjectConfigurationPlatforms) = postSolution
		{9B4AF178-FF4A-4ED1-AB5B-43F83C3B8F2B}.Debug|Any CPU.ActiveCfg = Debug|Any CPU
		{9B4AF178-FF4A-4ED1-AB5B-43F83C3B8F2B}.Debug|Any CPU.Build.0 = Debug|Any CPU
		{9B4AF178-FF4A-4ED1-AB5B-43F83C3B8F2B}.Release|Any CPU.ActiveCfg = Release|Any CPU
		{9B4AF178-FF4A-4ED1-AB5B-43F83C3B8F2B}.Release|Any CPU.Build.0 = Release|Any CPU
		{DE00C332-AD87-4414-8540-B172371A7804}.Debug|Any CPU.ActiveCfg = Debug|Any CPU
		{DE00C332-AD87-4414-8540-B172371A7804}.Debug|Any CPU.Build.0 = Debug|Any CPU
		{DE00C332-AD87-4414-8540-B172371A7804}.Release|Any CPU.ActiveCfg = Release|Any CPU
		{DE00C332-AD87-4414-8540-B172371A7804}.Release|Any CPU.Build.0 = Release|Any CPU
	EndGlobalSection
	GlobalSection(SolutionProperties) = preSolution
		HideSolutionNode = FALSE
	EndGlobalSection
	GlobalSection(ExtensibilityGlobals) = postSolution
		SolutionGuid = {D7A8F4A2-73C2-4714-8EB6-DEEE627FEF58}
	EndGlobalSection
EndGlobal
